
Microsoft Visual Studio Solution File, Format Version 12.00
# Visual Studio 15
VisualStudioVersion = 15.0.26430.16
MinimumVisualStudioVersion = 10.0.40219.1
Project("{2150E333-8FDC-42A3-9474-1A3956D46DE8}") = "Tests", "Tests", "{9D554BAC-C222-4A1B-A31D-C4E77B082A2C}"
EndProject
Project("{FAE04EC0-301F-11D3-BF4B-00C04F79EFBC}") = "Manatee.Wpf", "Manatee.Wpf\Manatee.Wpf.csproj", "{9C008856-F374-43B1-B767-A2BC2598359D}"
EndProject
Project("{FAE04EC0-301F-11D3-BF4B-00C04F79EFBC}") = "Manatee.Wpf.Tests", "Manatee.Wpf.Tests\Manatee.Wpf.Tests.csproj", "{C762A9F0-C3C4-482E-B519-756234264A4B}"
EndProject
Project("{FAE04EC0-301F-11D3-BF4B-00C04F79EFBC}") = "Manatee.Wpf.Forms", "Manatee.Wpf.Forms\Manatee.Wpf.Forms.csproj", "{C86F2C13-41A4-49C2-8898-A978DB6361CF}"
EndProject
Project("{FAE04EC0-301F-11D3-BF4B-00C04F79EFBC}") = "Manatee.Wpf.Forms.ViewModel", "Manatee.Wpf.Forms.ViewModel\Manatee.Wpf.Forms.ViewModel.csproj", "{3142E4C0-13E3-4431-A988-4BBAC7B26C66}"
EndProject
Project("{FAE04EC0-301F-11D3-BF4B-00C04F79EFBC}") = "Manatee.Wpf.Samples", "Manatee.Forms.Tests.Client\Manatee.Wpf.Samples.csproj", "{AA126645-63F4-44A6-A972-C3ED99084DE3}"
EndProject
Project("{FAE04EC0-301F-11D3-BF4B-00C04F79EFBC}") = "Manatee.Wpf.MessageBox.ViewModel", "Manatee.Wpf.MessageBox.ViewModel\Manatee.Wpf.MessageBox.ViewModel.csproj", "{AF92DDF9-C463-46D7-92E6-151B577A178C}"
EndProject
Project("{FAE04EC0-301F-11D3-BF4B-00C04F79EFBC}") = "Manatee.Wpf.MessageBox", "Manatee.Wpf.MessageBox\Manatee.Wpf.MessageBox.csproj", "{B5119883-871D-46F7-9D16-E31A4D954B08}"
EndProject
Project("{2150E333-8FDC-42A3-9474-1A3956D46DE8}") = "Samples", "Samples", "{04774A51-E8F3-4F94-A7AC-D1DA02D2A196}"
EndProject
Global
	GlobalSection(SolutionConfigurationPlatforms) = preSolution
		Debug|Any CPU = Debug|Any CPU
		Release|Any CPU = Release|Any CPU
	EndGlobalSection
	GlobalSection(ProjectConfigurationPlatforms) = postSolution
		{9C008856-F374-43B1-B767-A2BC2598359D}.Debug|Any CPU.ActiveCfg = Debug|Any CPU
		{9C008856-F374-43B1-B767-A2BC2598359D}.Debug|Any CPU.Build.0 = Debug|Any CPU
		{9C008856-F374-43B1-B767-A2BC2598359D}.Release|Any CPU.ActiveCfg = Release|Any CPU
		{9C008856-F374-43B1-B767-A2BC2598359D}.Release|Any CPU.Build.0 = Release|Any CPU
		{C762A9F0-C3C4-482E-B519-756234264A4B}.Debug|Any CPU.ActiveCfg = Debug|Any CPU
		{C762A9F0-C3C4-482E-B519-756234264A4B}.Debug|Any CPU.Build.0 = Debug|Any CPU
		{C762A9F0-C3C4-482E-B519-756234264A4B}.Release|Any CPU.ActiveCfg = Release|Any CPU
		{C762A9F0-C3C4-482E-B519-756234264A4B}.Release|Any CPU.Build.0 = Release|Any CPU
		{C86F2C13-41A4-49C2-8898-A978DB6361CF}.Debug|Any CPU.ActiveCfg = Debug|Any CPU
		{C86F2C13-41A4-49C2-8898-A978DB6361CF}.Debug|Any CPU.Build.0 = Debug|Any CPU
		{C86F2C13-41A4-49C2-8898-A978DB6361CF}.Release|Any CPU.ActiveCfg = Release|Any CPU
		{C86F2C13-41A4-49C2-8898-A978DB6361CF}.Release|Any CPU.Build.0 = Release|Any CPU
		{3142E4C0-13E3-4431-A988-4BBAC7B26C66}.Debug|Any CPU.ActiveCfg = Debug|Any CPU
		{3142E4C0-13E3-4431-A988-4BBAC7B26C66}.Debug|Any CPU.Build.0 = Debug|Any CPU
		{3142E4C0-13E3-4431-A988-4BBAC7B26C66}.Release|Any CPU.ActiveCfg = Release|Any CPU
		{3142E4C0-13E3-4431-A988-4BBAC7B26C66}.Release|Any CPU.Build.0 = Release|Any CPU
		{AA126645-63F4-44A6-A972-C3ED99084DE3}.Debug|Any CPU.ActiveCfg = Debug|Any CPU
		{AA126645-63F4-44A6-A972-C3ED99084DE3}.Debug|Any CPU.Build.0 = Debug|Any CPU
		{AA126645-63F4-44A6-A972-C3ED99084DE3}.Release|Any CPU.ActiveCfg = Release|Any CPU
		{AA126645-63F4-44A6-A972-C3ED99084DE3}.Release|Any CPU.Build.0 = Release|Any CPU
		{AF92DDF9-C463-46D7-92E6-151B577A178C}.Debug|Any CPU.ActiveCfg = Debug|Any CPU
		{AF92DDF9-C463-46D7-92E6-151B577A178C}.Debug|Any CPU.Build.0 = Debug|Any CPU
		{AF92DDF9-C463-46D7-92E6-151B577A178C}.Release|Any CPU.ActiveCfg = Release|Any CPU
		{AF92DDF9-C463-46D7-92E6-151B577A178C}.Release|Any CPU.Build.0 = Release|Any CPU
		{B5119883-871D-46F7-9D16-E31A4D954B08}.Debug|Any CPU.ActiveCfg = Debug|Any CPU
		{B5119883-871D-46F7-9D16-E31A4D954B08}.Debug|Any CPU.Build.0 = Debug|Any CPU
		{B5119883-871D-46F7-9D16-E31A4D954B08}.Release|Any CPU.ActiveCfg = Release|Any CPU
		{B5119883-871D-46F7-9D16-E31A4D954B08}.Release|Any CPU.Build.0 = Release|Any CPU
	EndGlobalSection
	GlobalSection(SolutionProperties) = preSolution
		HideSolutionNode = FALSE
	EndGlobalSection
	GlobalSection(NestedProjects) = preSolution
		{C762A9F0-C3C4-482E-B519-756234264A4B} = {9D554BAC-C222-4A1B-A31D-C4E77B082A2C}
		{AA126645-63F4-44A6-A972-C3ED99084DE3} = {04774A51-E8F3-4F94-A7AC-D1DA02D2A196}
	EndGlobalSection
EndGlobal
